// !$*UTF8*$!
{
	archiveVersion = 1;
	classes = {
	};
	objectVersion = 46;
	objects = {

/* Begin PBXBuildFile section */
		270212A81F0E7803002BA9C3 /* Assets.xcassets in Resources */ = {isa = PBXBuildFile; fileRef = 270212A71F0E7803002BA9C3 /* Assets.xcassets */; };
		271391A81ED03F030031885C /* HomeTableCell.m in Sources */ = {isa = PBXBuildFile; fileRef = 271391A61ED03F030031885C /* HomeTableCell.m */; };
		271391A91ED03F030031885C /* HomeTableCell.xib in Resources */ = {isa = PBXBuildFile; fileRef = 271391A71ED03F030031885C /* HomeTableCell.xib */; };
		2713C77B1EB9E1B60013AEB4 /* UIKit.framework in Frameworks */ = {isa = PBXBuildFile; fileRef = 2713C77A1EB9E1B60013AEB4 /* UIKit.framework */; };
		27229AF21EA8B0A9002B242B /* main.m in Sources */ = {isa = PBXBuildFile; fileRef = 27229AF11EA8B0A9002B242B /* main.m */; };
		27229AF51EA8B0A9002B242B /* AppDelegate.m in Sources */ = {isa = PBXBuildFile; fileRef = 27229AF41EA8B0A9002B242B /* AppDelegate.m */; };
		27229AF81EA8B0A9002B242B /* ViewController.m in Sources */ = {isa = PBXBuildFile; fileRef = 27229AF71EA8B0A9002B242B /* ViewController.m */; };
		27229AFB1EA8B0A9002B242B /* Main.storyboard in Resources */ = {isa = PBXBuildFile; fileRef = 27229AF91EA8B0A9002B242B /* Main.storyboard */; };
		2725ED3D1EAF62A600641362 /* GarageModel.m in Sources */ = {isa = PBXBuildFile; fileRef = 2725ED3C1EAF62A600641362 /* GarageModel.m */; };
		27D345061EB6F795006C1E95 /* NSData+BFCrypto.m in Sources */ = {isa = PBXBuildFile; fileRef = 27D345051EB6F795006C1E95 /* NSData+BFCrypto.m */; };
		27E0EEF61ECD3F240077D008 /* Crashlytics.framework in Frameworks */ = {isa = PBXBuildFile; fileRef = 27E0EEF41ECD3F240077D008 /* Crashlytics.framework */; };
		27E0EEF71ECD3F240077D008 /* Fabric.framework in Frameworks */ = {isa = PBXBuildFile; fileRef = 27E0EEF51ECD3F240077D008 /* Fabric.framework */; };
		27E34B261EAC5BE20030099A /* FirstViewController.m in Sources */ = {isa = PBXBuildFile; fileRef = 27E34B251EAC5BE20030099A /* FirstViewController.m */; };
		27E34B291EAC5C6B0030099A /* SecondViewController.m in Sources */ = {isa = PBXBuildFile; fileRef = 27E34B281EAC5C6B0030099A /* SecondViewController.m */; };
		27E34B2D1EAC5F1F0030099A /* DeviceTableViewCell.m in Sources */ = {isa = PBXBuildFile; fileRef = 27E34B2B1EAC5F1F0030099A /* DeviceTableViewCell.m */; };
		27E34B2E1EAC5F1F0030099A /* DeviceTableViewCell.xib in Resources */ = {isa = PBXBuildFile; fileRef = 27E34B2C1EAC5F1F0030099A /* DeviceTableViewCell.xib */; };
		27E34B321EAC64CC0030099A /* ThirdViewController.m in Sources */ = {isa = PBXBuildFile; fileRef = 27E34B311EAC64CC0030099A /* ThirdViewController.m */; };
		27E34B361EAC668D0030099A /* ScanViewController.m in Sources */ = {isa = PBXBuildFile; fileRef = 27E34B351EAC668D0030099A /* ScanViewController.m */; };
		27E34B3A1EAC69C40030099A /* AppContext.m in Sources */ = {isa = PBXBuildFile; fileRef = 27E34B391EAC69C40030099A /* AppContext.m */; };
		27E34B3E1EAC726F0030099A /* BlueToothConnect.m in Sources */ = {isa = PBXBuildFile; fileRef = 27E34B3D1EAC726F0030099A /* BlueToothConnect.m */; };
		27F88E171EC7641D00180D9D /* BFLogView.m in Sources */ = {isa = PBXBuildFile; fileRef = 27F88E161EC7641D00180D9D /* BFLogView.m */; };
		27FCDEC31F0E7BFB005D8280 /* LaunchScreen.storyboard in Resources */ = {isa = PBXBuildFile; fileRef = 27FCDEC11F0E7BFB005D8280 /* LaunchScreen.storyboard */; };
/* End PBXBuildFile section */

/* Begin PBXFileReference section */
		270212A71F0E7803002BA9C3 /* Assets.xcassets */ = {isa = PBXFileReference; lastKnownFileType = folder.assetcatalog; path = Assets.xcassets; sourceTree = "<group>"; };
		271391A51ED03F030031885C /* HomeTableCell.h */ = {isa = PBXFileReference; fileEncoding = 4; lastKnownFileType = sourcecode.c.h; path = HomeTableCell.h; sourceTree = "<group>"; };
		271391A61ED03F030031885C /* HomeTableCell.m */ = {isa = PBXFileReference; fileEncoding = 4; lastKnownFileType = sourcecode.c.objc; path = HomeTableCell.m; sourceTree = "<group>"; };
		271391A71ED03F030031885C /* HomeTableCell.xib */ = {isa = PBXFileReference; fileEncoding = 4; lastKnownFileType = file.xib; path = HomeTableCell.xib; sourceTree = "<group>"; };
		2713C77A1EB9E1B60013AEB4 /* UIKit.framework */ = {isa = PBXFileReference; lastKnownFileType = wrapper.framework; name = UIKit.framework; path = System/Library/Frameworks/UIKit.framework; sourceTree = SDKROOT; };
		27229AED1EA8B0A9002B242B /* BFGarage.app */ = {isa = PBXFileReference; explicitFileType = wrapper.application; includeInIndex = 0; path = BFGarage.app; sourceTree = BUILT_PRODUCTS_DIR; };
		27229AF11EA8B0A9002B242B /* main.m */ = {isa = PBXFileReference; lastKnownFileType = sourcecode.c.objc; path = main.m; sourceTree = "<group>"; };
		27229AF31EA8B0A9002B242B /* AppDelegate.h */ = {isa = PBXFileReference; lastKnownFileType = sourcecode.c.h; path = AppDelegate.h; sourceTree = "<group>"; };
		27229AF41EA8B0A9002B242B /* AppDelegate.m */ = {isa = PBXFileReference; lastKnownFileType = sourcecode.c.objc; path = AppDelegate.m; sourceTree = "<group>"; };
		27229AF61EA8B0A9002B242B /* ViewController.h */ = {isa = PBXFileReference; lastKnownFileType = sourcecode.c.h; path = ViewController.h; sourceTree = "<group>"; };
		27229AF71EA8B0A9002B242B /* ViewController.m */ = {isa = PBXFileReference; lastKnownFileType = sourcecode.c.objc; path = ViewController.m; sourceTree = "<group>"; };
		27229AFA1EA8B0A9002B242B /* Base */ = {isa = PBXFileReference; lastKnownFileType = file.storyboard; name = Base; path = Base.lproj/Main.storyboard; sourceTree = "<group>"; };
		27229B011EA8B0A9002B242B /* Info.plist */ = {isa = PBXFileReference; lastKnownFileType = text.plist.xml; path = Info.plist; sourceTree = "<group>"; };
		2725ED3B1EAF62A600641362 /* GarageModel.h */ = {isa = PBXFileReference; fileEncoding = 4; lastKnownFileType = sourcecode.c.h; path = GarageModel.h; sourceTree = "<group>"; };
		2725ED3C1EAF62A600641362 /* GarageModel.m */ = {isa = PBXFileReference; fileEncoding = 4; lastKnownFileType = sourcecode.c.objc; path = GarageModel.m; sourceTree = "<group>"; };
		275854AA1F16380D00985918 /* AlertMessageConstant.h */ = {isa = PBXFileReference; lastKnownFileType = sourcecode.c.h; path = AlertMessageConstant.h; sourceTree = "<group>"; };
		27D345041EB6F795006C1E95 /* NSData+BFCrypto.h */ = {isa = PBXFileReference; fileEncoding = 4; lastKnownFileType = sourcecode.c.h; path = "NSData+BFCrypto.h"; sourceTree = "<group>"; };
		27D345051EB6F795006C1E95 /* NSData+BFCrypto.m */ = {isa = PBXFileReference; fileEncoding = 4; lastKnownFileType = sourcecode.c.objc; path = "NSData+BFCrypto.m"; sourceTree = "<group>"; };
		27E0EEF41ECD3F240077D008 /* Crashlytics.framework */ = {isa = PBXFileReference; lastKnownFileType = wrapper.framework; path = Crashlytics.framework; sourceTree = "<group>"; };
		27E0EEF51ECD3F240077D008 /* Fabric.framework */ = {isa = PBXFileReference; lastKnownFileType = wrapper.framework; path = Fabric.framework; sourceTree = "<group>"; };
		27E34B241EAC5BE20030099A /* FirstViewController.h */ = {isa = PBXFileReference; fileEncoding = 4; lastKnownFileType = sourcecode.c.h; path = FirstViewController.h; sourceTree = "<group>"; };
		27E34B251EAC5BE20030099A /* FirstViewController.m */ = {isa = PBXFileReference; fileEncoding = 4; lastKnownFileType = sourcecode.c.objc; path = FirstViewController.m; sourceTree = "<group>"; };
		27E34B271EAC5C6B0030099A /* SecondViewController.h */ = {isa = PBXFileReference; fileEncoding = 4; lastKnownFileType = sourcecode.c.h; path = SecondViewController.h; sourceTree = "<group>"; };
		27E34B281EAC5C6B0030099A /* SecondViewController.m */ = {isa = PBXFileReference; fileEncoding = 4; lastKnownFileType = sourcecode.c.objc; path = SecondViewController.m; sourceTree = "<group>"; };
		27E34B2A1EAC5F1F0030099A /* DeviceTableViewCell.h */ = {isa = PBXFileReference; fileEncoding = 4; lastKnownFileType = sourcecode.c.h; path = DeviceTableViewCell.h; sourceTree = "<group>"; };
		27E34B2B1EAC5F1F0030099A /* DeviceTableViewCell.m */ = {isa = PBXFileReference; fileEncoding = 4; lastKnownFileType = sourcecode.c.objc; path = DeviceTableViewCell.m; sourceTree = "<group>"; };
		27E34B2C1EAC5F1F0030099A /* DeviceTableViewCell.xib */ = {isa = PBXFileReference; fileEncoding = 4; lastKnownFileType = file.xib; path = DeviceTableViewCell.xib; sourceTree = "<group>"; };
		27E34B301EAC64CC0030099A /* ThirdViewController.h */ = {isa = PBXFileReference; fileEncoding = 4; lastKnownFileType = sourcecode.c.h; path = ThirdViewController.h; sourceTree = "<group>"; };
		27E34B311EAC64CC0030099A /* ThirdViewController.m */ = {isa = PBXFileReference; fileEncoding = 4; lastKnownFileType = sourcecode.c.objc; path = ThirdViewController.m; sourceTree = "<group>"; };
		27E34B341EAC668D0030099A /* ScanViewController.h */ = {isa = PBXFileReference; fileEncoding = 4; lastKnownFileType = sourcecode.c.h; path = ScanViewController.h; sourceTree = "<group>"; };
		27E34B351EAC668D0030099A /* ScanViewController.m */ = {isa = PBXFileReference; fileEncoding = 4; lastKnownFileType = sourcecode.c.objc; path = ScanViewController.m; sourceTree = "<group>"; };
		27E34B381EAC69C40030099A /* AppContext.h */ = {isa = PBXFileReference; fileEncoding = 4; lastKnownFileType = sourcecode.c.h; path = AppContext.h; sourceTree = "<group>"; };
		27E34B391EAC69C40030099A /* AppContext.m */ = {isa = PBXFileReference; fileEncoding = 4; lastKnownFileType = sourcecode.c.objc; path = AppContext.m; sourceTree = "<group>"; };
		27E34B3B1EAC6B9E0030099A /* AppConstant.h */ = {isa = PBXFileReference; lastKnownFileType = sourcecode.c.h; path = AppConstant.h; sourceTree = "<group>"; };
		27E34B3C1EAC726F0030099A /* BlueToothConnect.h */ = {isa = PBXFileReference; fileEncoding = 4; lastKnownFileType = sourcecode.c.h; path = BlueToothConnect.h; sourceTree = "<group>"; };
		27E34B3D1EAC726F0030099A /* BlueToothConnect.m */ = {isa = PBXFileReference; fileEncoding = 4; lastKnownFileType = sourcecode.c.objc; path = BlueToothConnect.m; sourceTree = "<group>"; };
		27E34D211EAC9FC10030099A /* BFGarage-Prefix.h */ = {isa = PBXFileReference; lastKnownFileType = sourcecode.c.h; path = "BFGarage-Prefix.h"; sourceTree = SOURCE_ROOT; };
		27F88E001EC70CCE00180D9D /* AESCrypto.h */ = {isa = PBXFileReference; fileEncoding = 4; lastKnownFileType = sourcecode.c.h; path = AESCrypto.h; sourceTree = "<group>"; };
		27F88E151EC7641D00180D9D /* BFLogView.h */ = {isa = PBXFileReference; fileEncoding = 4; lastKnownFileType = sourcecode.c.h; path = BFLogView.h; sourceTree = "<group>"; };
		27F88E161EC7641D00180D9D /* BFLogView.m */ = {isa = PBXFileReference; fileEncoding = 4; lastKnownFileType = sourcecode.c.objc; path = BFLogView.m; sourceTree = "<group>"; };
		27FCDEC21F0E7BFB005D8280 /* Base */ = {isa = PBXFileReference; lastKnownFileType = file.storyboard; name = Base; path = BFGarage/Base.lproj/LaunchScreen.storyboard; sourceTree = "<group>"; };
/* End PBXFileReference section */

/* Begin PBXFrameworksBuildPhase section */
		27229AEA1EA8B0A9002B242B /* Frameworks */ = {
			isa = PBXFrameworksBuildPhase;
			buildActionMask = 2147483647;
			files = (
				27E0EEF61ECD3F240077D008 /* Crashlytics.framework in Frameworks */,
				2713C77B1EB9E1B60013AEB4 /* UIKit.framework in Frameworks */,
				27E0EEF71ECD3F240077D008 /* Fabric.framework in Frameworks */,
			);
			runOnlyForDeploymentPostprocessing = 0;
		};
/* End PBXFrameworksBuildPhase section */

/* Begin PBXGroup section */
		2713918E1ED03ED00031885C /* Home */ = {
			isa = PBXGroup;
			children = (
			);
			path = Home;
			sourceTree = "<group>";
		};
		2713C7791EB9E1B60013AEB4 /* Frameworks */ = {
			isa = PBXGroup;
			children = (
				27E0EEF41ECD3F240077D008 /* Crashlytics.framework */,
				27E0EEF51ECD3F240077D008 /* Fabric.framework */,
				2713C77A1EB9E1B60013AEB4 /* UIKit.framework */,
			);
			name = Frameworks;
			sourceTree = "<group>";
		};
		27229AE41EA8B0A9002B242B = {
			isa = PBXGroup;
			children = (
				27229AEF1EA8B0A9002B242B /* BFGarage */,
				27229AEE1EA8B0A9002B242B /* Products */,
				2713C7791EB9E1B60013AEB4 /* Frameworks */,
			);
			sourceTree = "<group>";
		};
		27229AEE1EA8B0A9002B242B /* Products */ = {
			isa = PBXGroup;
			children = (
				27229AED1EA8B0A9002B242B /* BFGarage.app */,
			);
			name = Products;
			sourceTree = "<group>";
		};
		27229AEF1EA8B0A9002B242B /* BFGarage */ = {
			isa = PBXGroup;
			children = (
				27F88E141EC763EE00180D9D /* Tool */,
				27E34D221EACCDBC0030099A /* Resource */,
				27E34B3F1EAC834A0030099A /* Framework */,
				27E34B371EAC68040030099A /* AppContext */,
				27E34B211EAC5BBC0030099A /* Bussiness */,
				27229AF31EA8B0A9002B242B /* AppDelegate.h */,
				27229AF41EA8B0A9002B242B /* AppDelegate.m */,
				27229AF61EA8B0A9002B242B /* ViewController.h */,
				27229AF71EA8B0A9002B242B /* ViewController.m */,
				27229AF91EA8B0A9002B242B /* Main.storyboard */,
				27FCDEC11F0E7BFB005D8280 /* LaunchScreen.storyboard */,
				270212A71F0E7803002BA9C3 /* Assets.xcassets */,
				27229B011EA8B0A9002B242B /* Info.plist */,
				27229AF01EA8B0A9002B242B /* Supporting Files */,
				27E34B3B1EAC6B9E0030099A /* AppConstant.h */,
				275854AA1F16380D00985918 /* AlertMessageConstant.h */,
			);
			path = BFGarage;
			sourceTree = "<group>";
		};
		27229AF01EA8B0A9002B242B /* Supporting Files */ = {
			isa = PBXGroup;
			children = (
				27E34D211EAC9FC10030099A /* BFGarage-Prefix.h */,
				27229AF11EA8B0A9002B242B /* main.m */,
			);
			name = "Supporting Files";
			sourceTree = "<group>";
		};
		2725ED3A1EAF628900641362 /* Model */ = {
			isa = PBXGroup;
			children = (
				2725ED3B1EAF62A600641362 /* GarageModel.h */,
				2725ED3C1EAF62A600641362 /* GarageModel.m */,
			);
			path = Model;
			sourceTree = "<group>";
		};
		27E34B211EAC5BBC0030099A /* Bussiness */ = {
			isa = PBXGroup;
			children = (
				27E34B221EAC5BBC0030099A /* FirstItem */,
				27E34B231EAC5BBC0030099A /* SecondItem */,
				27E34B2F1EAC64A40030099A /* ThirdItem */,
			);
			path = Bussiness;
			sourceTree = "<group>";
		};
		27E34B221EAC5BBC0030099A /* FirstItem */ = {
			isa = PBXGroup;
			children = (
				27E34B241EAC5BE20030099A /* FirstViewController.h */,
				27E34B251EAC5BE20030099A /* FirstViewController.m */,
				271391A51ED03F030031885C /* HomeTableCell.h */,
				271391A61ED03F030031885C /* HomeTableCell.m */,
				271391A71ED03F030031885C /* HomeTableCell.xib */,
			);
			path = FirstItem;
			sourceTree = "<group>";
		};
		27E34B231EAC5BBC0030099A /* SecondItem */ = {
			isa = PBXGroup;
			children = (
				2725ED3A1EAF628900641362 /* Model */,
				27E34B331EAC66130030099A /* Detail */,
				27E34B271EAC5C6B0030099A /* SecondViewController.h */,
				27E34B281EAC5C6B0030099A /* SecondViewController.m */,
				27E34B2A1EAC5F1F0030099A /* DeviceTableViewCell.h */,
				27E34B2B1EAC5F1F0030099A /* DeviceTableViewCell.m */,
				27E34B2C1EAC5F1F0030099A /* DeviceTableViewCell.xib */,
			);
			path = SecondItem;
			sourceTree = "<group>";
		};
		27E34B2F1EAC64A40030099A /* ThirdItem */ = {
			isa = PBXGroup;
			children = (
				27E34B301EAC64CC0030099A /* ThirdViewController.h */,
				27E34B311EAC64CC0030099A /* ThirdViewController.m */,
			);
			path = ThirdItem;
			sourceTree = "<group>";
		};
		27E34B331EAC66130030099A /* Detail */ = {
			isa = PBXGroup;
			children = (
				27E34B341EAC668D0030099A /* ScanViewController.h */,
				27E34B351EAC668D0030099A /* ScanViewController.m */,
			);
			path = Detail;
			sourceTree = "<group>";
		};
		27E34B371EAC68040030099A /* AppContext */ = {
			isa = PBXGroup;
			children = (
				27E34B381EAC69C40030099A /* AppContext.h */,
				27E34B391EAC69C40030099A /* AppContext.m */,
				27E34B3C1EAC726F0030099A /* BlueToothConnect.h */,
				27E34B3D1EAC726F0030099A /* BlueToothConnect.m */,
			);
			path = AppContext;
			sourceTree = "<group>";
		};
		27E34B3F1EAC834A0030099A /* Framework */ = {
			isa = PBXGroup;
			children = (
				27F88E001EC70CCE00180D9D /* AESCrypto.h */,
				27D345041EB6F795006C1E95 /* NSData+BFCrypto.h */,
				27D345051EB6F795006C1E95 /* NSData+BFCrypto.m */,
			);
			path = Framework;
			sourceTree = "<group>";
		};
		27E34D221EACCDBC0030099A /* Resource */ = {
			isa = PBXGroup;
			children = (
				27F6115F1ED1D299008D9E9F /* Common */,
				2713918E1ED03ED00031885C /* Home */,
				27E34D231EACCDBC0030099A /* Setting */,
			);
			path = Resource;
			sourceTree = "<group>";
		};
		27E34D231EACCDBC0030099A /* Setting */ = {
			isa = PBXGroup;
			children = (
			);
			path = Setting;
			sourceTree = "<group>";
		};
		27F6115F1ED1D299008D9E9F /* Common */ = {
			isa = PBXGroup;
			children = (
			);
			path = Common;
			sourceTree = "<group>";
		};
		27F88E141EC763EE00180D9D /* Tool */ = {
			isa = PBXGroup;
			children = (
				27F88E151EC7641D00180D9D /* BFLogView.h */,
				27F88E161EC7641D00180D9D /* BFLogView.m */,
			);
			path = Tool;
			sourceTree = "<group>";
		};
/* End PBXGroup section */

/* Begin PBXNativeTarget section */
		27229AEC1EA8B0A9002B242B /* BFGarage */ = {
			isa = PBXNativeTarget;
			buildConfigurationList = 27229B041EA8B0A9002B242B /* Build configuration list for PBXNativeTarget "BFGarage" */;
			buildPhases = (
				27229AE91EA8B0A9002B242B /* Sources */,
				27229AEA1EA8B0A9002B242B /* Frameworks */,
				27229AEB1EA8B0A9002B242B /* Resources */,
				27841B8D1ECAD4BF00162933 /* ShellScript */,
			);
			buildRules = (
			);
			dependencies = (
			);
			name = BFGarage;
			productName = BFGarage;
			productReference = 27229AED1EA8B0A9002B242B /* BFGarage.app */;
			productType = "com.apple.product-type.application";
		};
/* End PBXNativeTarget section */

/* Begin PBXProject section */
		27229AE51EA8B0A9002B242B /* Project object */ = {
			isa = PBXProject;
			attributes = {
				LastUpgradeCheck = 0820;
				ORGANIZATIONNAME = com.zhouqinghua;
				TargetAttributes = {
					27229AEC1EA8B0A9002B242B = {
						CreatedOnToolsVersion = 8.2.1;
						DevelopmentTeam = 4JPU9286A5;
						ProvisioningStyle = Manual;
					};
				};
			};
			buildConfigurationList = 27229AE81EA8B0A9002B242B /* Build configuration list for PBXProject "BFGarage" */;
			compatibilityVersion = "Xcode 3.2";
			developmentRegion = English;
			hasScannedForEncodings = 0;
			knownRegions = (
				en,
				Base,
			);
			mainGroup = 27229AE41EA8B0A9002B242B;
			productRefGroup = 27229AEE1EA8B0A9002B242B /* Products */;
			projectDirPath = "";
			projectRoot = "";
			targets = (
				27229AEC1EA8B0A9002B242B /* BFGarage */,
			);
		};
/* End PBXProject section */

/* Begin PBXResourcesBuildPhase section */
		27229AEB1EA8B0A9002B242B /* Resources */ = {
			isa = PBXResourcesBuildPhase;
			buildActionMask = 2147483647;
			files = (
				271391A91ED03F030031885C /* HomeTableCell.xib in Resources */,
				27229AFB1EA8B0A9002B242B /* Main.storyboard in Resources */,
				27E34B2E1EAC5F1F0030099A /* DeviceTableViewCell.xib in Resources */,
				27FCDEC31F0E7BFB005D8280 /* LaunchScreen.storyboard in Resources */,
				270212A81F0E7803002BA9C3 /* Assets.xcassets in Resources */,
			);
			runOnlyForDeploymentPostprocessing = 0;
		};
/* End PBXResourcesBuildPhase section */

/* Begin PBXShellScriptBuildPhase section */
		27841B8D1ECAD4BF00162933 /* ShellScript */ = {
			isa = PBXShellScriptBuildPhase;
			buildActionMask = 12;
			files = (
			);
			inputPaths = (
			);
			outputPaths = (
			);
			runOnlyForDeploymentPostprocessing = 0;
			shellPath = /bin/sh;
			shellScript = "./Fabric.framework/run 8cb69bee280af92d4bf158d194a8d4d505fb66c3 dfe725e2c3ac424294909e9e8c34c731150c5b56773dca756d7971857360adc1";
		};
/* End PBXShellScriptBuildPhase section */

/* Begin PBXSourcesBuildPhase section */
		27229AE91EA8B0A9002B242B /* Sources */ = {
			isa = PBXSourcesBuildPhase;
			buildActionMask = 2147483647;
			files = (
				27E34B291EAC5C6B0030099A /* SecondViewController.m in Sources */,
				27229AF81EA8B0A9002B242B /* ViewController.m in Sources */,
				27E34B3A1EAC69C40030099A /* AppContext.m in Sources */,
				27229AF51EA8B0A9002B242B /* AppDelegate.m in Sources */,
				27E34B361EAC668D0030099A /* ScanViewController.m in Sources */,
				27E34B3E1EAC726F0030099A /* BlueToothConnect.m in Sources */,
				27F88E171EC7641D00180D9D /* BFLogView.m in Sources */,
				27229AF21EA8B0A9002B242B /* main.m in Sources */,
				27D345061EB6F795006C1E95 /* NSData+BFCrypto.m in Sources */,
				27E34B261EAC5BE20030099A /* FirstViewController.m in Sources */,
				2725ED3D1EAF62A600641362 /* GarageModel.m in Sources */,
				27E34B2D1EAC5F1F0030099A /* DeviceTableViewCell.m in Sources */,
				27E34B321EAC64CC0030099A /* ThirdViewController.m in Sources */,
				271391A81ED03F030031885C /* HomeTableCell.m in Sources */,
			);
			runOnlyForDeploymentPostprocessing = 0;
		};
/* End PBXSourcesBuildPhase section */

/* Begin PBXVariantGroup section */
		27229AF91EA8B0A9002B242B /* Main.storyboard */ = {
			isa = PBXVariantGroup;
			children = (
				27229AFA1EA8B0A9002B242B /* Base */,
			);
			name = Main.storyboard;
			sourceTree = "<group>";
		};
		27FCDEC11F0E7BFB005D8280 /* LaunchScreen.storyboard */ = {
			isa = PBXVariantGroup;
			children = (
				27FCDEC21F0E7BFB005D8280 /* Base */,
			);
			name = LaunchScreen.storyboard;
			path = ..;
			sourceTree = "<group>";
		};
/* End PBXVariantGroup section */

/* Begin XCBuildConfiguration section */
		27229B021EA8B0A9002B242B /* Debug */ = {
			isa = XCBuildConfiguration;
			buildSettings = {
				ALWAYS_SEARCH_USER_PATHS = NO;
				CLANG_ANALYZER_NONNULL = YES;
				CLANG_CXX_LANGUAGE_STANDARD = "gnu++0x";
				CLANG_CXX_LIBRARY = "libc++";
				CLANG_ENABLE_MODULES = YES;
				CLANG_ENABLE_OBJC_ARC = YES;
				CLANG_WARN_BOOL_CONVERSION = YES;
				CLANG_WARN_CONSTANT_CONVERSION = YES;
				CLANG_WARN_DIRECT_OBJC_ISA_USAGE = YES_ERROR;
				CLANG_WARN_DOCUMENTATION_COMMENTS = YES;
				CLANG_WARN_EMPTY_BODY = YES;
				CLANG_WARN_ENUM_CONVERSION = YES;
				CLANG_WARN_INFINITE_RECURSION = YES;
				CLANG_WARN_INT_CONVERSION = YES;
				CLANG_WARN_OBJC_ROOT_CLASS = YES_ERROR;
				CLANG_WARN_SUSPICIOUS_MOVE = YES;
				CLANG_WARN_UNREACHABLE_CODE = YES;
				CLANG_WARN__DUPLICATE_METHOD_MATCH = YES;
				"CODE_SIGN_IDENTITY[sdk=iphoneos*]" = "iPhone Developer";
				COPY_PHASE_STRIP = NO;
				DEBUG_INFORMATION_FORMAT = dwarf;
				ENABLE_STRICT_OBJC_MSGSEND = YES;
				ENABLE_TESTABILITY = YES;
				GCC_C_LANGUAGE_STANDARD = gnu99;
				GCC_DYNAMIC_NO_PIC = NO;
				GCC_NO_COMMON_BLOCKS = YES;
				GCC_OPTIMIZATION_LEVEL = 0;
				GCC_PREPROCESSOR_DEFINITIONS = (
					"DEBUG=1",
					"$(inherited)",
				);
				GCC_WARN_64_TO_32_BIT_CONVERSION = YES;
				GCC_WARN_ABOUT_RETURN_TYPE = YES_ERROR;
				GCC_WARN_UNDECLARED_SELECTOR = YES;
				GCC_WARN_UNINITIALIZED_AUTOS = YES_AGGRESSIVE;
				GCC_WARN_UNUSED_FUNCTION = YES;
				GCC_WARN_UNUSED_VARIABLE = YES;
				IPHONEOS_DEPLOYMENT_TARGET = 10.2;
				MTL_ENABLE_DEBUG_INFO = YES;
				ONLY_ACTIVE_ARCH = YES;
				SDKROOT = iphoneos;
				TARGETED_DEVICE_FAMILY = "1,2";
			};
			name = Debug;
		};
		27229B031EA8B0A9002B242B /* Release */ = {
			isa = XCBuildConfiguration;
			buildSettings = {
				ALWAYS_SEARCH_USER_PATHS = NO;
				CLANG_ANALYZER_NONNULL = YES;
				CLANG_CXX_LANGUAGE_STANDARD = "gnu++0x";
				CLANG_CXX_LIBRARY = "libc++";
				CLANG_ENABLE_MODULES = YES;
				CLANG_ENABLE_OBJC_ARC = YES;
				CLANG_WARN_BOOL_CONVERSION = YES;
				CLANG_WARN_CONSTANT_CONVERSION = YES;
				CLANG_WARN_DIRECT_OBJC_ISA_USAGE = YES_ERROR;
				CLANG_WARN_DOCUMENTATION_COMMENTS = YES;
				CLANG_WARN_EMPTY_BODY = YES;
				CLANG_WARN_ENUM_CONVERSION = YES;
				CLANG_WARN_INFINITE_RECURSION = YES;
				CLANG_WARN_INT_CONVERSION = YES;
				CLANG_WARN_OBJC_ROOT_CLASS = YES_ERROR;
				CLANG_WARN_SUSPICIOUS_MOVE = YES;
				CLANG_WARN_UNREACHABLE_CODE = YES;
				CLANG_WARN__DUPLICATE_METHOD_MATCH = YES;
				"CODE_SIGN_IDENTITY[sdk=iphoneos*]" = "iPhone Developer";
				COPY_PHASE_STRIP = NO;
				DEBUG_INFORMATION_FORMAT = "dwarf-with-dsym";
				ENABLE_NS_ASSERTIONS = NO;
				ENABLE_STRICT_OBJC_MSGSEND = YES;
				GCC_C_LANGUAGE_STANDARD = gnu99;
				GCC_NO_COMMON_BLOCKS = YES;
				GCC_WARN_64_TO_32_BIT_CONVERSION = YES;
				GCC_WARN_ABOUT_RETURN_TYPE = YES_ERROR;
				GCC_WARN_UNDECLARED_SELECTOR = YES;
				GCC_WARN_UNINITIALIZED_AUTOS = YES_AGGRESSIVE;
				GCC_WARN_UNUSED_FUNCTION = YES;
				GCC_WARN_UNUSED_VARIABLE = YES;
				IPHONEOS_DEPLOYMENT_TARGET = 10.2;
				MTL_ENABLE_DEBUG_INFO = NO;
				SDKROOT = iphoneos;
				TARGETED_DEVICE_FAMILY = "1,2";
				VALIDATE_PRODUCT = YES;
			};
			name = Release;
		};
		27229B051EA8B0A9002B242B /* Debug */ = {
			isa = XCBuildConfiguration;
			buildSettings = {
				ASSETCATALOG_COMPILER_APPICON_NAME = AppIcon;
				ASSETCATALOG_COMPILER_LAUNCHIMAGE_NAME = LaunchImage;
				CODE_SIGN_IDENTITY = "iPhone Developer: Chen Shen (YSKQB75KU5)";
				DEVELOPMENT_TEAM = 4JPU9286A5;
				FRAMEWORK_SEARCH_PATHS = (
					"$(inherited)",
					"$(PROJECT_DIR)",
				);
				GCC_PREFIX_HEADER = "BFGarage-Prefix.h";
				INFOPLIST_FILE = BFGarage/Info.plist;
				IPHONEOS_DEPLOYMENT_TARGET = 8.0;
				LD_RUNPATH_SEARCH_PATHS = "$(inherited) @executable_path/Frameworks";
				PRODUCT_BUNDLE_IDENTIFIER = com.zhouqinghua;
				PRODUCT_NAME = "$(TARGET_NAME)";
				PROVISIONING_PROFILE = "106fb8c7-393a-4722-9458-0d25816e37ca";
				PROVISIONING_PROFILE_SPECIFIER = zhouqinghuaProvide;
				TARGETED_DEVICE_FAMILY = 1;
			};
			name = Debug;
		};
		27229B061EA8B0A9002B242B /* Release */ = {
			isa = XCBuildConfiguration;
			buildSettings = {
				ASSETCATALOG_COMPILER_APPICON_NAME = AppIcon;
				ASSETCATALOG_COMPILER_LAUNCHIMAGE_NAME = LaunchImage;
				"CODE_SIGN_IDENTITY[sdk=iphoneos*]" = "iPhone Distribution: PICOOC Technologies Co., Ltd.";
				DEVELOPMENT_TEAM = 4JPU9286A5;
				FRAMEWORK_SEARCH_PATHS = (
					"$(inherited)",
					"$(PROJECT_DIR)",
				);
				GCC_PREFIX_HEADER = "BFGarage-Prefix.h";
				INFOPLIST_FILE = BFGarage/Info.plist;
				IPHONEOS_DEPLOYMENT_TARGET = 8.0;
				LD_RUNPATH_SEARCH_PATHS = "$(inherited) @executable_path/Frameworks";
				PRODUCT_BUNDLE_IDENTIFIER = com.zhouqinghua;
				PRODUCT_NAME = "$(TARGET_NAME)";
				PROVISIONING_PROFILE = "3441ee98-7422-4920-bca4-0bce611b8409";
				PROVISIONING_PROFILE_SPECIFIER = zhouqinghuaDistributionProvide;
				TARGETED_DEVICE_FAMILY = 1;
			};
			name = Release;
		};
/* End XCBuildConfiguration section */

/* Begin XCConfigurationList section */
		27229AE81EA8B0A9002B242B /* Build configuration list for PBXProject "BFGarage" */ = {
			isa = XCConfigurationList;
			buildConfigurations = (
				27229B021EA8B0A9002B242B /* Debug */,
				27229B031EA8B0A9002B242B /* Release */,
			);
			defaultConfigurationIsVisible = 0;
			defaultConfigurationName = Release;
		};
		27229B041EA8B0A9002B242B /* Build configuration list for PBXNativeTarget "BFGarage" */ = {
			isa = XCConfigurationList;
			buildConfigurations = (
				27229B051EA8B0A9002B242B /* Debug */,
				27229B061EA8B0A9002B242B /* Release */,
			);
			defaultConfigurationIsVisible = 0;
			defaultConfigurationName = Release;
		};
/* End XCConfigurationList section */
	};
	rootObject = 27229AE51EA8B0A9002B242B /* Project object */;
}
